// !$*UTF8*$!
{
	archiveVersion = 1;
	classes = {
	};
	objectVersion = 46;
	objects = {

/* Begin PBXBuildFile section */
		28F26644195D7B3200C29195 /* Foundation.framework in Frameworks */ = {isa = PBXBuildFile; fileRef = 28F26643195D7B3200C29195 /* Foundation.framework */; };
		28F26646195D7B3200C29195 /* CoreGraphics.framework in Frameworks */ = {isa = PBXBuildFile; fileRef = 28F26645195D7B3200C29195 /* CoreGraphics.framework */; };
		28F26648195D7B3200C29195 /* UIKit.framework in Frameworks */ = {isa = PBXBuildFile; fileRef = 28F26647195D7B3200C29195 /* UIKit.framework */; };
		28F2664E195D7B3200C29195 /* InfoPlist.strings in Resources */ = {isa = PBXBuildFile; fileRef = 28F2664C195D7B3200C29195 /* InfoPlist.strings */; };
		28F26650195D7B3200C29195 /* main.m in Sources */ = {isa = PBXBuildFile; fileRef = 28F2664F195D7B3200C29195 /* main.m */; };
		28F26654195D7B3200C29195 /* STAppDelegate.m in Sources */ = {isa = PBXBuildFile; fileRef = 28F26653195D7B3200C29195 /* STAppDelegate.m */; };
		28F26656195D7B3200C29195 /* Images.xcassets in Resources */ = {isa = PBXBuildFile; fileRef = 28F26655195D7B3200C29195 /* Images.xcassets */; };
		28F2665D195D7B3200C29195 /* XCTest.framework in Frameworks */ = {isa = PBXBuildFile; fileRef = 28F2665C195D7B3200C29195 /* XCTest.framework */; };
		28F2665E195D7B3200C29195 /* Foundation.framework in Frameworks */ = {isa = PBXBuildFile; fileRef = 28F26643195D7B3200C29195 /* Foundation.framework */; };
		28F2665F195D7B3200C29195 /* UIKit.framework in Frameworks */ = {isa = PBXBuildFile; fileRef = 28F26647195D7B3200C29195 /* UIKit.framework */; };
		28F26667195D7B3200C29195 /* InfoPlist.strings in Resources */ = {isa = PBXBuildFile; fileRef = 28F26665195D7B3200C29195 /* InfoPlist.strings */; };
		28F26669195D7B3200C29195 /* XOTests.m in Sources */ = {isa = PBXBuildFile; fileRef = 28F26668195D7B3200C29195 /* XOTests.m */; };
		28F26673195D7B5F00C29195 /* MainStoryboard.storyboard in Resources */ = {isa = PBXBuildFile; fileRef = 28F26672195D7B5F00C29195 /* MainStoryboard.storyboard */; };
		28F26683195D80B800C29195 /* STInboxViewController.m in Sources */ = {isa = PBXBuildFile; fileRef = 28F26682195D80B800C29195 /* STInboxViewController.m */; };
		28F26685195DFFE400C29195 /* Parse.framework in Frameworks */ = {isa = PBXBuildFile; fileRef = 28F26684195DFFE400C29195 /* Parse.framework */; };
		28F26687195E001000C29195 /* AudioToolbox.framework in Frameworks */ = {isa = PBXBuildFile; fileRef = 28F26686195E001000C29195 /* AudioToolbox.framework */; };
		28F26689195E001600C29195 /* CFNetwork.framework in Frameworks */ = {isa = PBXBuildFile; fileRef = 28F26688195E001600C29195 /* CFNetwork.framework */; };
		28F2668B195E002400C29195 /* CoreLocation.framework in Frameworks */ = {isa = PBXBuildFile; fileRef = 28F2668A195E002400C29195 /* CoreLocation.framework */; };
		28F2668D195E002D00C29195 /* libz.dylib in Frameworks */ = {isa = PBXBuildFile; fileRef = 28F2668C195E002D00C29195 /* libz.dylib */; };
		28F2668F195E003300C29195 /* MobileCoreServices.framework in Frameworks */ = {isa = PBXBuildFile; fileRef = 28F2668E195E003300C29195 /* MobileCoreServices.framework */; };
		28F26691195E003900C29195 /* QuartzCore.framework in Frameworks */ = {isa = PBXBuildFile; fileRef = 28F26690195E003900C29195 /* QuartzCore.framework */; };
		28F26693195E003F00C29195 /* Security.framework in Frameworks */ = {isa = PBXBuildFile; fileRef = 28F26692195E003F00C29195 /* Security.framework */; };
		28F26695195E004600C29195 /* StoreKit.framework in Frameworks */ = {isa = PBXBuildFile; fileRef = 28F26694195E004600C29195 /* StoreKit.framework */; };
		28F26697195E004D00C29195 /* SystemConfiguration.framework in Frameworks */ = {isa = PBXBuildFile; fileRef = 28F26696195E004D00C29195 /* SystemConfiguration.framework */; };
		28F2669A195E025E00C29195 /* STLoginViewController.m in Sources */ = {isa = PBXBuildFile; fileRef = 28F26699195E025E00C29195 /* STLoginViewController.m */; };
		28F2669D195E026A00C29195 /* STSignupViewController.m in Sources */ = {isa = PBXBuildFile; fileRef = 28F2669C195E026A00C29195 /* STSignupViewController.m */; };
		28F266A0195E227D00C29195 /* STEditFriendsViewController.m in Sources */ = {isa = PBXBuildFile; fileRef = 28F2669F195E227D00C29195 /* STEditFriendsViewController.m */; };
		28F266A6195E283100C29195 /* STFriendsViewController.m in Sources */ = {isa = PBXBuildFile; fileRef = 28F266A5195E283100C29195 /* STFriendsViewController.m */; };
		28F266A9195E5D2700C29195 /* STCameraViewController.m in Sources */ = {isa = PBXBuildFile; fileRef = 28F266A8195E5D2700C29195 /* STCameraViewController.m */; };
		28F266B5195EC84B00C29195 /* STImageViewController.m in Sources */ = {isa = PBXBuildFile; fileRef = 28F266B4195EC84B00C29195 /* STImageViewController.m */; };
		28F266B7195F623D00C29195 /* MediaPlayer.framework in Frameworks */ = {isa = PBXBuildFile; fileRef = 28F266B6195F623D00C29195 /* MediaPlayer.framework */; };
/* End PBXBuildFile section */

/* Begin PBXContainerItemProxy section */
		28F26660195D7B3200C29195 /* PBXContainerItemProxy */ = {
			isa = PBXContainerItemProxy;
			containerPortal = 28F26638195D7B3200C29195 /* Project object */;
			proxyType = 1;
			remoteGlobalIDString = 28F2663F195D7B3200C29195;
			remoteInfo = XO;
		};
/* End PBXContainerItemProxy section */

/* Begin PBXFileReference section */
		28F26640195D7B3200C29195 /* XO.app */ = {isa = PBXFileReference; explicitFileType = wrapper.application; includeInIndex = 0; path = XO.app; sourceTree = BUILT_PRODUCTS_DIR; };
		28F26643195D7B3200C29195 /* Foundation.framework */ = {isa = PBXFileReference; lastKnownFileType = wrapper.framework; name = Foundation.framework; path = System/Library/Frameworks/Foundation.framework; sourceTree = SDKROOT; };
		28F26645195D7B3200C29195 /* CoreGraphics.framework */ = {isa = PBXFileReference; lastKnownFileType = wrapper.framework; name = CoreGraphics.framework; path = System/Library/Frameworks/CoreGraphics.framework; sourceTree = SDKROOT; };
		28F26647195D7B3200C29195 /* UIKit.framework */ = {isa = PBXFileReference; lastKnownFileType = wrapper.framework; name = UIKit.framework; path = System/Library/Frameworks/UIKit.framework; sourceTree = SDKROOT; };
		28F2664B195D7B3200C29195 /* XO-Info.plist */ = {isa = PBXFileReference; lastKnownFileType = text.plist.xml; path = "XO-Info.plist"; sourceTree = "<group>"; };
		28F2664D195D7B3200C29195 /* en */ = {isa = PBXFileReference; lastKnownFileType = text.plist.strings; name = en; path = en.lproj/InfoPlist.strings; sourceTree = "<group>"; };
		28F2664F195D7B3200C29195 /* main.m */ = {isa = PBXFileReference; lastKnownFileType = sourcecode.c.objc; path = main.m; sourceTree = "<group>"; };
		28F26651195D7B3200C29195 /* XO-Prefix.pch */ = {isa = PBXFileReference; lastKnownFileType = sourcecode.c.h; path = "XO-Prefix.pch"; sourceTree = "<group>"; };
		28F26652195D7B3200C29195 /* STAppDelegate.h */ = {isa = PBXFileReference; lastKnownFileType = sourcecode.c.h; path = STAppDelegate.h; sourceTree = "<group>"; };
		28F26653195D7B3200C29195 /* STAppDelegate.m */ = {isa = PBXFileReference; lastKnownFileType = sourcecode.c.objc; path = STAppDelegate.m; sourceTree = "<group>"; };
		28F26655195D7B3200C29195 /* Images.xcassets */ = {isa = PBXFileReference; lastKnownFileType = folder.assetcatalog; path = Images.xcassets; sourceTree = "<group>"; };
		28F2665B195D7B3200C29195 /* XOTests.xctest */ = {isa = PBXFileReference; explicitFileType = wrapper.cfbundle; includeInIndex = 0; path = XOTests.xctest; sourceTree = BUILT_PRODUCTS_DIR; };
		28F2665C195D7B3200C29195 /* XCTest.framework */ = {isa = PBXFileReference; lastKnownFileType = wrapper.framework; name = XCTest.framework; path = Library/Frameworks/XCTest.framework; sourceTree = DEVELOPER_DIR; };
		28F26664195D7B3200C29195 /* XOTests-Info.plist */ = {isa = PBXFileReference; lastKnownFileType = text.plist.xml; path = "XOTests-Info.plist"; sourceTree = "<group>"; };
		28F26666195D7B3200C29195 /* en */ = {isa = PBXFileReference; lastKnownFileType = text.plist.strings; name = en; path = en.lproj/InfoPlist.strings; sourceTree = "<group>"; };
		28F26668195D7B3200C29195 /* XOTests.m */ = {isa = PBXFileReference; lastKnownFileType = sourcecode.c.objc; path = XOTests.m; sourceTree = "<group>"; };
		28F26672195D7B5F00C29195 /* MainStoryboard.storyboard */ = {isa = PBXFileReference; fileEncoding = 4; lastKnownFileType = file.storyboard; path = MainStoryboard.storyboard; sourceTree = "<group>"; };
		28F26681195D80B800C29195 /* STInboxViewController.h */ = {isa = PBXFileReference; fileEncoding = 4; lastKnownFileType = sourcecode.c.h; name = STInboxViewController.h; path = ../STInboxViewController.h; sourceTree = "<group>"; };
		28F26682195D80B800C29195 /* STInboxViewController.m */ = {isa = PBXFileReference; fileEncoding = 4; lastKnownFileType = sourcecode.c.objc; name = STInboxViewController.m; path = ../STInboxViewController.m; sourceTree = "<group>"; };
		28F26684195DFFE400C29195 /* Parse.framework */ = {isa = PBXFileReference; lastKnownFileType = wrapper.framework; path = Parse.framework; sourceTree = "<group>"; };
		28F26686195E001000C29195 /* AudioToolbox.framework */ = {isa = PBXFileReference; lastKnownFileType = wrapper.framework; name = AudioToolbox.framework; path = System/Library/Frameworks/AudioToolbox.framework; sourceTree = SDKROOT; };
		28F26688195E001600C29195 /* CFNetwork.framework */ = {isa = PBXFileReference; lastKnownFileType = wrapper.framework; name = CFNetwork.framework; path = System/Library/Frameworks/CFNetwork.framework; sourceTree = SDKROOT; };
		28F2668A195E002400C29195 /* CoreLocation.framework */ = {isa = PBXFileReference; lastKnownFileType = wrapper.framework; name = CoreLocation.framework; path = System/Library/Frameworks/CoreLocation.framework; sourceTree = SDKROOT; };
		28F2668C195E002D00C29195 /* libz.dylib */ = {isa = PBXFileReference; lastKnownFileType = "compiled.mach-o.dylib"; name = libz.dylib; path = usr/lib/libz.dylib; sourceTree = SDKROOT; };
		28F2668E195E003300C29195 /* MobileCoreServices.framework */ = {isa = PBXFileReference; lastKnownFileType = wrapper.framework; name = MobileCoreServices.framework; path = System/Library/Frameworks/MobileCoreServices.framework; sourceTree = SDKROOT; };
		28F26690195E003900C29195 /* QuartzCore.framework */ = {isa = PBXFileReference; lastKnownFileType = wrapper.framework; name = QuartzCore.framework; path = System/Library/Frameworks/QuartzCore.framework; sourceTree = SDKROOT; };
		28F26692195E003F00C29195 /* Security.framework */ = {isa = PBXFileReference; lastKnownFileType = wrapper.framework; name = Security.framework; path = System/Library/Frameworks/Security.framework; sourceTree = SDKROOT; };
		28F26694195E004600C29195 /* StoreKit.framework */ = {isa = PBXFileReference; lastKnownFileType = wrapper.framework; name = StoreKit.framework; path = System/Library/Frameworks/StoreKit.framework; sourceTree = SDKROOT; };
		28F26696195E004D00C29195 /* SystemConfiguration.framework */ = {isa = PBXFileReference; lastKnownFileType = wrapper.framework; name = SystemConfiguration.framework; path = System/Library/Frameworks/SystemConfiguration.framework; sourceTree = SDKROOT; };
		28F26698195E025E00C29195 /* STLoginViewController.h */ = {isa = PBXFileReference; fileEncoding = 4; lastKnownFileType = sourcecode.c.h; name = STLoginViewController.h; path = ../STLoginViewController.h; sourceTree = "<group>"; };
		28F26699195E025E00C29195 /* STLoginViewController.m */ = {isa = PBXFileReference; fileEncoding = 4; lastKnownFileType = sourcecode.c.objc; name = STLoginViewController.m; path = ../STLoginViewController.m; sourceTree = "<group>"; };
		28F2669B195E026A00C29195 /* STSignupViewController.h */ = {isa = PBXFileReference; fileEncoding = 4; lastKnownFileType = sourcecode.c.h; name = STSignupViewController.h; path = ../STSignupViewController.h; sourceTree = "<group>"; };
		28F2669C195E026A00C29195 /* STSignupViewController.m */ = {isa = PBXFileReference; fileEncoding = 4; lastKnownFileType = sourcecode.c.objc; name = STSignupViewController.m; path = ../STSignupViewController.m; sourceTree = "<group>"; };
		28F2669E195E227D00C29195 /* STEditFriendsViewController.h */ = {isa = PBXFileReference; fileEncoding = 4; lastKnownFileType = sourcecode.c.h; name = STEditFriendsViewController.h; path = ../STEditFriendsViewController.h; sourceTree = "<group>"; };
		28F2669F195E227D00C29195 /* STEditFriendsViewController.m */ = {isa = PBXFileReference; fileEncoding = 4; lastKnownFileType = sourcecode.c.objc; name = STEditFriendsViewController.m; path = ../STEditFriendsViewController.m; sourceTree = "<group>"; };
		28F266A4195E283100C29195 /* STFriendsViewController.h */ = {isa = PBXFileReference; fileEncoding = 4; lastKnownFileType = sourcecode.c.h; name = STFriendsViewController.h; path = ../STFriendsViewController.h; sourceTree = "<group>"; };
		28F266A5195E283100C29195 /* STFriendsViewController.m */ = {isa = PBXFileReference; fileEncoding = 4; lastKnownFileType = sourcecode.c.objc; name = STFriendsViewController.m; path = ../STFriendsViewController.m; sourceTree = "<group>"; };
		28F266A7195E5D2700C29195 /* STCameraViewController.h */ = {isa = PBXFileReference; fileEncoding = 4; lastKnownFileType = sourcecode.c.h; path = STCameraViewController.h; sourceTree = "<group>"; };
		28F266A8195E5D2700C29195 /* STCameraViewController.m */ = {isa = PBXFileReference; fileEncoding = 4; lastKnownFileType = sourcecode.c.objc; path = STCameraViewController.m; sourceTree = "<group>"; };
		28F266B3195EC84B00C29195 /* STImageViewController.h */ = {isa = PBXFileReference; fileEncoding = 4; lastKnownFileType = sourcecode.c.h; name = STImageViewController.h; path = ../STImageViewController.h; sourceTree = "<group>"; };
		28F266B4195EC84B00C29195 /* STImageViewController.m */ = {isa = PBXFileReference; fileEncoding = 4; lastKnownFileType = sourcecode.c.objc; name = STImageViewController.m; path = ../STImageViewController.m; sourceTree = "<group>"; };
		28F266B6195F623D00C29195 /* MediaPlayer.framework */ = {isa = PBXFileReference; lastKnownFileType = wrapper.framework; name = MediaPlayer.framework; path = System/Library/Frameworks/MediaPlayer.framework; sourceTree = SDKROOT; };
/* End PBXFileReference section */

/* Begin PBXFrameworksBuildPhase section */
		28F2663D195D7B3200C29195 /* Frameworks */ = {
			isa = PBXFrameworksBuildPhase;
			buildActionMask = 2147483647;
			files = (
				28F266B7195F623D00C29195 /* MediaPlayer.framework in Frameworks */,
				28F26697195E004D00C29195 /* SystemConfiguration.framework in Frameworks */,
				28F26695195E004600C29195 /* StoreKit.framework in Frameworks */,
				28F26693195E003F00C29195 /* Security.framework in Frameworks */,
				28F26691195E003900C29195 /* QuartzCore.framework in Frameworks */,
				28F2668F195E003300C29195 /* MobileCoreServices.framework in Frameworks */,
				28F2668D195E002D00C29195 /* libz.dylib in Frameworks */,
				28F2668B195E002400C29195 /* CoreLocation.framework in Frameworks */,
				28F26646195D7B3200C29195 /* CoreGraphics.framework in Frameworks */,
				28F26689195E001600C29195 /* CFNetwork.framework in Frameworks */,
				28F26687195E001000C29195 /* AudioToolbox.framework in Frameworks */,
				28F26648195D7B3200C29195 /* UIKit.framework in Frameworks */,
				28F26685195DFFE400C29195 /* Parse.framework in Frameworks */,
				28F26644195D7B3200C29195 /* Foundation.framework in Frameworks */,
			);
			runOnlyForDeploymentPostprocessing = 0;
		};
		28F26658195D7B3200C29195 /* Frameworks */ = {
			isa = PBXFrameworksBuildPhase;
			buildActionMask = 2147483647;
			files = (
				28F2665D195D7B3200C29195 /* XCTest.framework in Frameworks */,
				28F2665F195D7B3200C29195 /* UIKit.framework in Frameworks */,
				28F2665E195D7B3200C29195 /* Foundation.framework in Frameworks */,
			);
			runOnlyForDeploymentPostprocessing = 0;
		};
/* End PBXFrameworksBuildPhase section */

/* Begin PBXGroup section */
		28F26637195D7B3200C29195 = {
			isa = PBXGroup;
			children = (
				28F26672195D7B5F00C29195 /* MainStoryboard.storyboard */,
				28F26649195D7B3200C29195 /* XO */,
				28F26662195D7B3200C29195 /* XOTests */,
				28F26642195D7B3200C29195 /* Frameworks */,
				28F26641195D7B3200C29195 /* Products */,
			);
			sourceTree = "<group>";
		};
		28F26641195D7B3200C29195 /* Products */ = {
			isa = PBXGroup;
			children = (
				28F26640195D7B3200C29195 /* XO.app */,
				28F2665B195D7B3200C29195 /* XOTests.xctest */,
			);
			name = Products;
			sourceTree = "<group>";
		};
		28F26642195D7B3200C29195 /* Frameworks */ = {
			isa = PBXGroup;
			children = (
				28F266B6195F623D00C29195 /* MediaPlayer.framework */,
				28F26696195E004D00C29195 /* SystemConfiguration.framework */,
				28F26694195E004600C29195 /* StoreKit.framework */,
				28F26692195E003F00C29195 /* Security.framework */,
				28F26690195E003900C29195 /* QuartzCore.framework */,
				28F2668E195E003300C29195 /* MobileCoreServices.framework */,
				28F2668C195E002D00C29195 /* libz.dylib */,
				28F2668A195E002400C29195 /* CoreLocation.framework */,
				28F26688195E001600C29195 /* CFNetwork.framework */,
				28F26686195E001000C29195 /* AudioToolbox.framework */,
				28F26684195DFFE400C29195 /* Parse.framework */,
				28F26643195D7B3200C29195 /* Foundation.framework */,
				28F26645195D7B3200C29195 /* CoreGraphics.framework */,
				28F26647195D7B3200C29195 /* UIKit.framework */,
				28F2665C195D7B3200C29195 /* XCTest.framework */,
			);
			name = Frameworks;
			sourceTree = "<group>";
		};
		28F26649195D7B3200C29195 /* XO */ = {
			isa = PBXGroup;
			children = (
				28F266B3195EC84B00C29195 /* STImageViewController.h */,
				28F266B4195EC84B00C29195 /* STImageViewController.m */,
				28F266A4195E283100C29195 /* STFriendsViewController.h */,
				28F266A5195E283100C29195 /* STFriendsViewController.m */,
				28F2669E195E227D00C29195 /* STEditFriendsViewController.h */,
				28F2669F195E227D00C29195 /* STEditFriendsViewController.m */,
				28F266A7195E5D2700C29195 /* STCameraViewController.h */,
				28F266A8195E5D2700C29195 /* STCameraViewController.m */,
				28F26698195E025E00C29195 /* STLoginViewController.h */,
				28F26699195E025E00C29195 /* STLoginViewController.m */,
				28F2669B195E026A00C29195 /* STSignupViewController.h */,
				28F2669C195E026A00C29195 /* STSignupViewController.m */,
				28F26681195D80B800C29195 /* STInboxViewController.h */,
				28F26682195D80B800C29195 /* STInboxViewController.m */,
				28F26652195D7B3200C29195 /* STAppDelegate.h */,
				28F26653195D7B3200C29195 /* STAppDelegate.m */,
				28F26655195D7B3200C29195 /* Images.xcassets */,
				28F2664A195D7B3200C29195 /* Supporting Files */,
			);
			path = XO;
			sourceTree = "<group>";
		};
		28F2664A195D7B3200C29195 /* Supporting Files */ = {
			isa = PBXGroup;
			children = (
				28F2664B195D7B3200C29195 /* XO-Info.plist */,
				28F2664C195D7B3200C29195 /* InfoPlist.strings */,
				28F2664F195D7B3200C29195 /* main.m */,
				28F26651195D7B3200C29195 /* XO-Prefix.pch */,
			);
			name = "Supporting Files";
			sourceTree = "<group>";
		};
		28F26662195D7B3200C29195 /* XOTests */ = {
			isa = PBXGroup;
			children = (
				28F26668195D7B3200C29195 /* XOTests.m */,
				28F26663195D7B3200C29195 /* Supporting Files */,
			);
			path = XOTests;
			sourceTree = "<group>";
		};
		28F26663195D7B3200C29195 /* Supporting Files */ = {
			isa = PBXGroup;
			children = (
				28F26664195D7B3200C29195 /* XOTests-Info.plist */,
				28F26665195D7B3200C29195 /* InfoPlist.strings */,
			);
			name = "Supporting Files";
			sourceTree = "<group>";
		};
/* End PBXGroup section */

/* Begin PBXNativeTarget section */
		28F2663F195D7B3200C29195 /* XO */ = {
			isa = PBXNativeTarget;
			buildConfigurationList = 28F2666C195D7B3200C29195 /* Build configuration list for PBXNativeTarget "XO" */;
			buildPhases = (
				28F2663C195D7B3200C29195 /* Sources */,
				28F2663D195D7B3200C29195 /* Frameworks */,
				28F2663E195D7B3200C29195 /* Resources */,
			);
			buildRules = (
			);
			dependencies = (
			);
			name = XO;
			productName = XO;
			productReference = 28F26640195D7B3200C29195 /* XO.app */;
			productType = "com.apple.product-type.application";
		};
		28F2665A195D7B3200C29195 /* XOTests */ = {
			isa = PBXNativeTarget;
			buildConfigurationList = 28F2666F195D7B3200C29195 /* Build configuration list for PBXNativeTarget "XOTests" */;
			buildPhases = (
				28F26657195D7B3200C29195 /* Sources */,
				28F26658195D7B3200C29195 /* Frameworks */,
				28F26659195D7B3200C29195 /* Resources */,
			);
			buildRules = (
			);
			dependencies = (
				28F26661195D7B3200C29195 /* PBXTargetDependency */,
			);
			name = XOTests;
			productName = XOTests;
			productReference = 28F2665B195D7B3200C29195 /* XOTests.xctest */;
			productType = "com.apple.product-type.bundle.unit-test";
		};
/* End PBXNativeTarget section */

/* Begin PBXProject section */
		28F26638195D7B3200C29195 /* Project object */ = {
			isa = PBXProject;
			attributes = {
				CLASSPREFIX = ST;
				LastUpgradeCheck = 0510;
				ORGANIZATIONNAME = ShyongTech;
				TargetAttributes = {
					28F2665A195D7B3200C29195 = {
						TestTargetID = 28F2663F195D7B3200C29195;
					};
				};
			};
			buildConfigurationList = 28F2663B195D7B3200C29195 /* Build configuration list for PBXProject "XO" */;
			compatibilityVersion = "Xcode 3.2";
			developmentRegion = English;
			hasScannedForEncodings = 0;
			knownRegions = (
				en,
			);
			mainGroup = 28F26637195D7B3200C29195;
			productRefGroup = 28F26641195D7B3200C29195 /* Products */;
			projectDirPath = "";
			projectRoot = "";
			targets = (
				28F2663F195D7B3200C29195 /* XO */,
				28F2665A195D7B3200C29195 /* XOTests */,
			);
		};
/* End PBXProject section */

/* Begin PBXResourcesBuildPhase section */
		28F2663E195D7B3200C29195 /* Resources */ = {
			isa = PBXResourcesBuildPhase;
			buildActionMask = 2147483647;
			files = (
				28F26673195D7B5F00C29195 /* MainStoryboard.storyboard in Resources */,
				28F2664E195D7B3200C29195 /* InfoPlist.strings in Resources */,
				28F26656195D7B3200C29195 /* Images.xcassets in Resources */,
			);
			runOnlyForDeploymentPostprocessing = 0;
		};
		28F26659195D7B3200C29195 /* Resources */ = {
			isa = PBXResourcesBuildPhase;
			buildActionMask = 2147483647;
			files = (
				28F26667195D7B3200C29195 /* InfoPlist.strings in Resources */,
			);
			runOnlyForDeploymentPostprocessing = 0;
		};
/* End PBXResourcesBuildPhase section */

/* Begin PBXSourcesBuildPhase section */
		28F2663C195D7B3200C29195 /* Sources */ = {
			isa = PBXSourcesBuildPhase;
			buildActionMask = 2147483647;
			files = (
				28F2669D195E026A00C29195 /* STSignupViewController.m in Sources */,
				28F266A0195E227D00C29195 /* STEditFriendsViewController.m in Sources */,
				28F266A9195E5D2700C29195 /* STCameraViewController.m in Sources */,
				28F26650195D7B3200C29195 /* main.m in Sources */,
				28F2669A195E025E00C29195 /* STLoginViewController.m in Sources */,
				28F266B5195EC84B00C29195 /* STImageViewController.m in Sources */,
				28F26683195D80B800C29195 /* STInboxViewController.m in Sources */,
				28F266A6195E283100C29195 /* STFriendsViewController.m in Sources */,
				28F26654195D7B3200C29195 /* STAppDelegate.m in Sources */,
			);
			runOnlyForDeploymentPostprocessing = 0;
		};
		28F26657195D7B3200C29195 /* Sources */ = {
			isa = PBXSourcesBuildPhase;
			buildActionMask = 2147483647;
			files = (
				28F26669195D7B3200C29195 /* XOTests.m in Sources */,
			);
			runOnlyForDeploymentPostprocessing = 0;
		};
/* End PBXSourcesBuildPhase section */

/* Begin PBXTargetDependency section */
		28F26661195D7B3200C29195 /* PBXTargetDependency */ = {
			isa = PBXTargetDependency;
			target = 28F2663F195D7B3200C29195 /* XO */;
			targetProxy = 28F26660195D7B3200C29195 /* PBXContainerItemProxy */;
		};
/* End PBXTargetDependency section */

/* Begin PBXVariantGroup section */
		28F2664C195D7B3200C29195 /* InfoPlist.strings */ = {
			isa = PBXVariantGroup;
			children = (
				28F2664D195D7B3200C29195 /* en */,
			);
			name = InfoPlist.strings;
			sourceTree = "<group>";
		};
		28F26665195D7B3200C29195 /* InfoPlist.strings */ = {
			isa = PBXVariantGroup;
			children = (
				28F26666195D7B3200C29195 /* en */,
			);
			name = InfoPlist.strings;
			sourceTree = "<group>";
		};
/* End PBXVariantGroup section */

/* Begin XCBuildConfiguration section */
		28F2666A195D7B3200C29195 /* Debug */ = {
			isa = XCBuildConfiguration;
			buildSettings = {
				ALWAYS_SEARCH_USER_PATHS = NO;
				CLANG_CXX_LANGUAGE_STANDARD = "gnu++0x";
				CLANG_CXX_LIBRARY = "libc++";
				CLANG_ENABLE_MODULES = YES;
				CLANG_ENABLE_OBJC_ARC = YES;
				CLANG_WARN_BOOL_CONVERSION = YES;
				CLANG_WARN_CONSTANT_CONVERSION = YES;
				CLANG_WARN_DIRECT_OBJC_ISA_USAGE = YES_ERROR;
				CLANG_WARN_EMPTY_BODY = YES;
				CLANG_WARN_ENUM_CONVERSION = YES;
				CLANG_WARN_INT_CONVERSION = YES;
				CLANG_WARN_OBJC_ROOT_CLASS = YES_ERROR;
				CLANG_WARN__DUPLICATE_METHOD_MATCH = YES;
				"CODE_SIGN_IDENTITY[sdk=iphoneos*]" = "iPhone Developer";
				COPY_PHASE_STRIP = NO;
				GCC_C_LANGUAGE_STANDARD = gnu99;
				GCC_DYNAMIC_NO_PIC = NO;
				GCC_OPTIMIZATION_LEVEL = 0;
				GCC_PREPROCESSOR_DEFINITIONS = (
					"DEBUG=1",
					"$(inherited)",
				);
				GCC_SYMBOLS_PRIVATE_EXTERN = NO;
				GCC_WARN_64_TO_32_BIT_CONVERSION = YES;
				GCC_WARN_ABOUT_RETURN_TYPE = YES_ERROR;
				GCC_WARN_UNDECLARED_SELECTOR = YES;
				GCC_WARN_UNINITIALIZED_AUTOS = YES_AGGRESSIVE;
				GCC_WARN_UNUSED_FUNCTION = YES;
				GCC_WARN_UNUSED_VARIABLE = YES;
				IPHONEOS_DEPLOYMENT_TARGET = 7.1;
				ONLY_ACTIVE_ARCH = YES;
				SDKROOT = iphoneos;
			};
			name = Debug;
		};
		28F2666B195D7B3200C29195 /* Release */ = {
			isa = XCBuildConfiguration;
			buildSettings = {
				ALWAYS_SEARCH_USER_PATHS = NO;
				CLANG_CXX_LANGUAGE_STANDARD = "gnu++0x";
				CLANG_CXX_LIBRARY = "libc++";
				CLANG_ENABLE_MODULES = YES;
				CLANG_ENABLE_OBJC_ARC = YES;
				CLANG_WARN_BOOL_CONVERSION = YES;
				CLANG_WARN_CONSTANT_CONVERSION = YES;
				CLANG_WARN_DIRECT_OBJC_ISA_USAGE = YES_ERROR;
				CLANG_WARN_EMPTY_BODY = YES;
				CLANG_WARN_ENUM_CONVERSION = YES;
				CLANG_WARN_INT_CONVERSION = YES;
				CLANG_WARN_OBJC_ROOT_CLASS = YES_ERROR;
				CLANG_WARN__DUPLICATE_METHOD_MATCH = YES;
				"CODE_SIGN_IDENTITY[sdk=iphoneos*]" = "iPhone Developer";
				COPY_PHASE_STRIP = YES;
				ENABLE_NS_ASSERTIONS = NO;
				GCC_C_LANGUAGE_STANDARD = gnu99;
				GCC_WARN_64_TO_32_BIT_CONVERSION = YES;
				GCC_WARN_ABOUT_RETURN_TYPE = YES_ERROR;
				GCC_WARN_UNDECLARED_SELECTOR = YES;
				GCC_WARN_UNINITIALIZED_AUTOS = YES_AGGRESSIVE;
				GCC_WARN_UNUSED_FUNCTION = YES;
				GCC_WARN_UNUSED_VARIABLE = YES;
				IPHONEOS_DEPLOYMENT_TARGET = 7.1;
				SDKROOT = iphoneos;
				VALIDATE_PRODUCT = YES;
			};
			name = Release;
		};
		28F2666D195D7B3200C29195 /* Debug */ = {
			isa = XCBuildConfiguration;
			buildSettings = {
				ASSETCATALOG_COMPILER_APPICON_NAME = "AppIcon-2";
				ASSETCATALOG_COMPILER_LAUNCHIMAGE_NAME = "LaunchImage-2";
				FRAMEWORK_SEARCH_PATHS = (
					"$(inherited)",
					"$(PROJECT_DIR)",
				);
				GCC_PRECOMPILE_PREFIX_HEADER = YES;
				GCC_PREFIX_HEADER = "XO/XO-Prefix.pch";
				INFOPLIST_FILE = "XO/XO-Info.plist";
				PRODUCT_NAME = "$(TARGET_NAME)";
				WRAPPER_EXTENSION = app;
			};
			name = Debug;
		};
		28F2666E195D7B3200C29195 /* Release */ = {
			isa = XCBuildConfiguration;
			buildSettings = {
				ASSETCATALOG_COMPILER_APPICON_NAME = "AppIcon-2";
				ASSETCATALOG_COMPILER_LAUNCHIMAGE_NAME = "LaunchImage-2";
				FRAMEWORK_SEARCH_PATHS = (
					"$(inherited)",
					"$(PROJECT_DIR)",
				);
				GCC_PRECOMPILE_PREFIX_HEADER = YES;
				GCC_PREFIX_HEADER = "XO/XO-Prefix.pch";
				INFOPLIST_FILE = "XO/XO-Info.plist";
				PRODUCT_NAME = "$(TARGET_NAME)";
				WRAPPER_EXTENSION = app;
			};
			name = Release;
		};
		28F26670195D7B3200C29195 /* Debug */ = {
			isa = XCBuildConfiguration;
			buildSettings = {
				BUNDLE_LOADER = "$(BUILT_PRODUCTS_DIR)/XO.app/XO";
				FRAMEWORK_SEARCH_PATHS = (
					"$(SDKROOT)/Developer/Library/Frameworks",
					"$(inherited)",
					"$(DEVELOPER_FRAMEWORKS_DIR)",
				);
				GCC_PRECOMPILE_PREFIX_HEADER = YES;
				GCC_PREFIX_HEADER = "XO/XO-Prefix.pch";
				GCC_PREPROCESSOR_DEFINITIONS = (
					"DEBUG=1",
					"$(inherited)",
				);
				INFOPLIST_FILE = "XOTests/XOTests-Info.plist";
				PRODUCT_NAME = "$(TARGET_NAME)";
				TEST_HOST = "$(BUNDLE_LOADER)";
				WRAPPER_EXTENSION = xctest;
			};
			name = Debug;
		};
		28F26671195D7B3200C29195 /* Release */ = {
			isa = XCBuildConfiguration;
			buildSettings = {
				BUNDLE_LOADER = "$(BUILT_PRODUCTS_DIR)/XO.app/XO";
				FRAMEWORK_SEARCH_PATHS = (
					"$(SDKROOT)/Developer/Library/Frameworks",
					"$(inherited)",
					"$(DEVELOPER_FRAMEWORKS_DIR)",
				);
				GCC_PRECOMPILE_PREFIX_HEADER = YES;
				GCC_PREFIX_HEADER = "XO/XO-Prefix.pch";
				INFOPLIST_FILE = "XOTests/XOTests-Info.plist";
				PRODUCT_NAME = "$(TARGET_NAME)";
				TEST_HOST = "$(BUNDLE_LOADER)";
				WRAPPER_EXTENSION = xctest;
			};
			name = Release;
		};
/* End XCBuildConfiguration section */

/* Begin XCConfigurationList section */
		28F2663B195D7B3200C29195 /* Build configuration list for PBXProject "XO" */ = {
			isa = XCConfigurationList;
			buildConfigurations = (
				28F2666A195D7B3200C29195 /* Debug */,
				28F2666B195D7B3200C29195 /* Release */,
			);
			defaultConfigurationIsVisible = 0;
			defaultConfigurationName = Release;
		};
		28F2666C195D7B3200C29195 /* Build configuration list for PBXNativeTarget "XO" */ = {
			isa = XCConfigurationList;
			buildConfigurations = (
				28F2666D195D7B3200C29195 /* Debug */,
				28F2666E195D7B3200C29195 /* Release */,
			);
			defaultConfigurationIsVisible = 0;
			defaultConfigurationName = Release;
		};
		28F2666F195D7B3200C29195 /* Build configuration list for PBXNativeTarget "XOTests" */ = {
			isa = XCConfigurationList;
			buildConfigurations = (
				28F26670195D7B3200C29195 /* Debug */,
				28F26671195D7B3200C29195 /* Release */,
			);
			defaultConfigurationIsVisible = 0;
			defaultConfigurationName = Release;
		};
/* End XCConfigurationList section */
	};
	rootObject = 28F26638195D7B3200C29195 /* Project object */;
}
