// !$*UTF8*$!
{
	archiveVersion = 1;
	classes = {
	};
	objectVersion = 46;
	objects = {

/* Begin PBXBuildFile section */
		28F26644195D7B3200C29195 /* Foundation.framework in Frameworks */ = {isa = PBXBuildFile; fileRef = 28F26643195D7B3200C29195 /* Foundation.framework */; };
		28F26646195D7B3200C29195 /* CoreGraphics.framework in Frameworks */ = {isa = PBXBuildFile; fileRef = 28F26645195D7B3200C29195 /* CoreGraphics.framework */; };
		28F26648195D7B3200C29195 /* UIKit.framework in Frameworks */ = {isa = PBXBuildFile; fileRef = 28F26647195D7B3200C29195 /* UIKit.framework */; };
		28F2664E195D7B3200C29195 /* InfoPlist.strings in Resources */ = {isa = PBXBuildFile; fileRef = 28F2664C195D7B3200C29195 /* InfoPlist.strings */; };
		28F26650195D7B3200C29195 /* main.m in Sources */ = {isa = PBXBuildFile; fileRef = 28F2664F195D7B3200C29195 /* main.m */; };
		28F26654195D7B3200C29195 /* STAppDelegate.m in Sources */ = {isa = PBXBuildFile; fileRef = 28F26653195D7B3200C29195 /* STAppDelegate.m */; };
		28F26656195D7B3200C29195 /* Images.xcassets in Resources */ = {isa = PBXBuildFile; fileRef = 28F26655195D7B3200C29195 /* Images.xcassets */; };
		28F2665D195D7B3200C29195 /* XCTest.framework in Frameworks */ = {isa = PBXBuildFile; fileRef = 28F2665C195D7B3200C29195 /* XCTest.framework */; };
		28F2665E195D7B3200C29195 /* Foundation.framework in Frameworks */ = {isa = PBXBuildFile; fileRef = 28F26643195D7B3200C29195 /* Foundation.framework */; };
		28F2665F195D7B3200C29195 /* UIKit.framework in Frameworks */ = {isa = PBXBuildFile; fileRef = 28F26647195D7B3200C29195 /* UIKit.framework */; };
		28F26667195D7B3200C29195 /* InfoPlist.strings in Resources */ = {isa = PBXBuildFile; fileRef = 28F26665195D7B3200C29195 /* InfoPlist.strings */; };
		28F26669195D7B3200C29195 /* XOTests.m in Sources */ = {isa = PBXBuildFile; fileRef = 28F26668195D7B3200C29195 /* XOTests.m */; };
/* End PBXBuildFile section */

/* Begin PBXContainerItemProxy section */
		28F26660195D7B3200C29195 /* PBXContainerItemProxy */ = {
			isa = PBXContainerItemProxy;
			containerPortal = 28F26638195D7B3200C29195 /* Project object */;
			proxyType = 1;
			remoteGlobalIDString = 28F2663F195D7B3200C29195;
			remoteInfo = XO;
		};
/* End PBXContainerItemProxy section */

/* Begin PBXFileReference section */
		28F26640195D7B3200C29195 /* XO.app */ = {isa = PBXFileReference; explicitFileType = wrapper.application; includeInIndex = 0; path = XO.app; sourceTree = BUILT_PRODUCTS_DIR; };
		28F26643195D7B3200C29195 /* Foundation.framework */ = {isa = PBXFileReference; lastKnownFileType = wrapper.framework; name = Foundation.framework; path = System/Library/Frameworks/Foundation.framework; sourceTree = SDKROOT; };
		28F26645195D7B3200C29195 /* CoreGraphics.framework */ = {isa = PBXFileReference; lastKnownFileType = wrapper.framework; name = CoreGraphics.framework; path = System/Library/Frameworks/CoreGraphics.framework; sourceTree = SDKROOT; };
		28F26647195D7B3200C29195 /* UIKit.framework */ = {isa = PBXFileReference; lastKnownFileType = wrapper.framework; name = UIKit.framework; path = System/Library/Frameworks/UIKit.framework; sourceTree = SDKROOT; };
		28F2664B195D7B3200C29195 /* XO-Info.plist */ = {isa = PBXFileReference; lastKnownFileType = text.plist.xml; path = "XO-Info.plist"; sourceTree = "<group>"; };
		28F2664D195D7B3200C29195 /* en */ = {isa = PBXFileReference; lastKnownFileType = text.plist.strings; name = en; path = en.lproj/InfoPlist.strings; sourceTree = "<group>"; };
		28F2664F195D7B3200C29195 /* main.m */ = {isa = PBXFileReference; lastKnownFileType = sourcecode.c.objc; path = main.m; sourceTree = "<group>"; };
		28F26651195D7B3200C29195 /* XO-Prefix.pch */ = {isa = PBXFileReference; lastKnownFileType = sourcecode.c.h; path = "XO-Prefix.pch"; sourceTree = "<group>"; };
		28F26652195D7B3200C29195 /* STAppDelegate.h */ = {isa = PBXFileReference; lastKnownFileType = sourcecode.c.h; path = STAppDelegate.h; sourceTree = "<group>"; };
		28F26653195D7B3200C29195 /* STAppDelegate.m */ = {isa = PBXFileReference; lastKnownFileType = sourcecode.c.objc; path = STAppDelegate.m; sourceTree = "<group>"; };
		28F26655195D7B3200C29195 /* Images.xcassets */ = {isa = PBXFileReference; lastKnownFileType = folder.assetcatalog; path = Images.xcassets; sourceTree = "<group>"; };
		28F2665B195D7B3200C29195 /* XOTests.xctest */ = {isa = PBXFileReference; explicitFileType = wrapper.cfbundle; includeInIndex = 0; path = XOTests.xctest; sourceTree = BUILT_PRODUCTS_DIR; };
		28F2665C195D7B3200C29195 /* XCTest.framework */ = {isa = PBXFileReference; lastKnownFileType = wrapper.framework; name = XCTest.framework; path = Library/Frameworks/XCTest.framework; sourceTree = DEVELOPER_DIR; };
		28F26664195D7B3200C29195 /* XOTests-Info.plist */ = {isa = PBXFileReference; lastKnownFileType = text.plist.xml; path = "XOTests-Info.plist"; sourceTree = "<group>"; };
		28F26666195D7B3200C29195 /* en */ = {isa = PBXFileReference; lastKnownFileType = text.plist.strings; name = en; path = en.lproj/InfoPlist.strings; sourceTree = "<group>"; };
		28F26668195D7B3200C29195 /* XOTests.m */ = {isa = PBXFileReference; lastKnownFileType = sourcecode.c.objc; path = XOTests.m; sourceTree = "<group>"; };
/* End PBXFileReference section */

/* Begin PBXFrameworksBuildPhase section */
		28F2663D195D7B3200C29195 /* Frameworks */ = {
			isa = PBXFrameworksBuildPhase;
			buildActionMask = 2147483647;
			files = (
				28F26646195D7B3200C29195 /* CoreGraphics.framework in Frameworks */,
				28F26648195D7B3200C29195 /* UIKit.framework in Frameworks */,
				28F26644195D7B3200C29195 /* Foundation.framework in Frameworks */,
			);
			runOnlyForDeploymentPostprocessing = 0;
		};
		28F26658195D7B3200C29195 /* Frameworks */ = {
			isa = PBXFrameworksBuildPhase;
			buildActionMask = 2147483647;
			files = (
				28F2665D195D7B3200C29195 /* XCTest.framework in Frameworks */,
				28F2665F195D7B3200C29195 /* UIKit.framework in Frameworks */,
				28F2665E195D7B3200C29195 /* Foundation.framework in Frameworks */,
			);
			runOnlyForDeploymentPostprocessing = 0;
		};
/* End PBXFrameworksBuildPhase section */

/* Begin PBXGroup section */
		28F26637195D7B3200C29195 = {
			isa = PBXGroup;
			children = (
				28F26649195D7B3200C29195 /* XO */,
				28F26662195D7B3200C29195 /* XOTests */,
				28F26642195D7B3200C29195 /* Frameworks */,
				28F26641195D7B3200C29195 /* Products */,
			);
			sourceTree = "<group>";
		};
		28F26641195D7B3200C29195 /* Products */ = {
			isa = PBXGroup;
			children = (
				28F26640195D7B3200C29195 /* XO.app */,
				28F2665B195D7B3200C29195 /* XOTests.xctest */,
			);
			name = Products;
			sourceTree = "<group>";
		};
		28F26642195D7B3200C29195 /* Frameworks */ = {
			isa = PBXGroup;
			children = (
				28F26643195D7B3200C29195 /* Foundation.framework */,
				28F26645195D7B3200C29195 /* CoreGraphics.framework */,
				28F26647195D7B3200C29195 /* UIKit.framework */,
				28F2665C195D7B3200C29195 /* XCTest.framework */,
			);
			name = Frameworks;
			sourceTree = "<group>";
		};
		28F26649195D7B3200C29195 /* XO */ = {
			isa = PBXGroup;
			children = (
				28F26652195D7B3200C29195 /* STAppDelegate.h */,
				28F26653195D7B3200C29195 /* STAppDelegate.m */,
				28F26655195D7B3200C29195 /* Images.xcassets */,
				28F2664A195D7B3200C29195 /* Supporting Files */,
			);
			path = XO;
			sourceTree = "<group>";
		};
		28F2664A195D7B3200C29195 /* Supporting Files */ = {
			isa = PBXGroup;
			children = (
				28F2664B195D7B3200C29195 /* XO-Info.plist */,
				28F2664C195D7B3200C29195 /* InfoPlist.strings */,
				28F2664F195D7B3200C29195 /* main.m */,
				28F26651195D7B3200C29195 /* XO-Prefix.pch */,
			);
			name = "Supporting Files";
			sourceTree = "<group>";
		};
		28F26662195D7B3200C29195 /* XOTests */ = {
			isa = PBXGroup;
			children = (
				28F26668195D7B3200C29195 /* XOTests.m */,
				28F26663195D7B3200C29195 /* Supporting Files */,
			);
			path = XOTests;
			sourceTree = "<group>";
		};
		28F26663195D7B3200C29195 /* Supporting Files */ = {
			isa = PBXGroup;
			children = (
				28F26664195D7B3200C29195 /* XOTests-Info.plist */,
				28F26665195D7B3200C29195 /* InfoPlist.strings */,
			);
			name = "Supporting Files";
			sourceTree = "<group>";
		};
/* End PBXGroup section */

/* Begin PBXNativeTarget section */
		28F2663F195D7B3200C29195 /* XO */ = {
			isa = PBXNativeTarget;
			buildConfigurationList = 28F2666C195D7B3200C29195 /* Build configuration list for PBXNativeTarget "XO" */;
			buildPhases = (
				28F2663C195D7B3200C29195 /* Sources */,
				28F2663D195D7B3200C29195 /* Frameworks */,
				28F2663E195D7B3200C29195 /* Resources */,
			);
			buildRules = (
			);
			dependencies = (
			);
			name = XO;
			productName = XO;
			productReference = 28F26640195D7B3200C29195 /* XO.app */;
			productType = "com.apple.product-type.application";
		};
		28F2665A195D7B3200C29195 /* XOTests */ = {
			isa = PBXNativeTarget;
			buildConfigurationList = 28F2666F195D7B3200C29195 /* Build configuration list for PBXNativeTarget "XOTests" */;
			buildPhases = (
				28F26657195D7B3200C29195 /* Sources */,
				28F26658195D7B3200C29195 /* Frameworks */,
				28F26659195D7B3200C29195 /* Resources */,
			);
			buildRules = (
			);
			dependencies = (
				28F26661195D7B3200C29195 /* PBXTargetDependency */,
			);
			name = XOTests;
			productName = XOTests;
			productReference = 28F2665B195D7B3200C29195 /* XOTests.xctest */;
			productType = "com.apple.product-type.bundle.unit-test";
		};
/* End PBXNativeTarget section */

/* Begin PBXProject section */
		28F26638195D7B3200C29195 /* Project object */ = {
			isa = PBXProject;
			attributes = {
				CLASSPREFIX = ST;
				LastUpgradeCheck = 0510;
				ORGANIZATIONNAME = ShyongTech;
				TargetAttributes = {
					28F2665A195D7B3200C29195 = {
						TestTargetID = 28F2663F195D7B3200C29195;
					};
				};
			};
			buildConfigurationList = 28F2663B195D7B3200C29195 /* Build configuration list for PBXProject "XO" */;
			compatibilityVersion = "Xcode 3.2";
			developmentRegion = English;
			hasScannedForEncodings = 0;
			knownRegions = (
				en,
			);
			mainGroup = 28F26637195D7B3200C29195;
			productRefGroup = 28F26641195D7B3200C29195 /* Products */;
			projectDirPath = "";
			projectRoot = "";
			targets = (
				28F2663F195D7B3200C29195 /* XO */,
				28F2665A195D7B3200C29195 /* XOTests */,
			);
		};
/* End PBXProject section */

/* Begin PBXResourcesBuildPhase section */
		28F2663E195D7B3200C29195 /* Resources */ = {
			isa = PBXResourcesBuildPhase;
			buildActionMask = 2147483647;
			files = (
				28F2664E195D7B3200C29195 /* InfoPlist.strings in Resources */,
				28F26656195D7B3200C29195 /* Images.xcassets in Resources */,
			);
			runOnlyForDeploymentPostprocessing = 0;
		};
		28F26659195D7B3200C29195 /* Resources */ = {
			isa = PBXResourcesBuildPhase;
			buildActionMask = 2147483647;
			files = (
				28F26667195D7B3200C29195 /* InfoPlist.strings in Resources */,
			);
			runOnlyForDeploymentPostprocessing = 0;
		};
/* End PBXResourcesBuildPhase section */

/* Begin PBXSourcesBuildPhase section */
		28F2663C195D7B3200C29195 /* Sources */ = {
			isa = PBXSourcesBuildPhase;
			buildActionMask = 2147483647;
			files = (
				28F26650195D7B3200C29195 /* main.m in Sources */,
				28F26654195D7B3200C29195 /* STAppDelegate.m in Sources */,
			);
			runOnlyForDeploymentPostprocessing = 0;
		};
		28F26657195D7B3200C29195 /* Sources */ = {
			isa = PBXSourcesBuildPhase;
			buildActionMask = 2147483647;
			files = (
				28F26669195D7B3200C29195 /* XOTests.m in Sources */,
			);
			runOnlyForDeploymentPostprocessing = 0;
		};
/* End PBXSourcesBuildPhase section */

/* Begin PBXTargetDependency section */
		28F26661195D7B3200C29195 /* PBXTargetDependency */ = {
			isa = PBXTargetDependency;
			target = 28F2663F195D7B3200C29195 /* XO */;
			targetProxy = 28F26660195D7B3200C29195 /* PBXContainerItemProxy */;
		};
/* End PBXTargetDependency section */

/* Begin PBXVariantGroup section */
		28F2664C195D7B3200C29195 /* InfoPlist.strings */ = {
			isa = PBXVariantGroup;
			children = (
				28F2664D195D7B3200C29195 /* en */,
			);
			name = InfoPlist.strings;
			sourceTree = "<group>";
		};
		28F26665195D7B3200C29195 /* InfoPlist.strings */ = {
			isa = PBXVariantGroup;
			children = (
				28F26666195D7B3200C29195 /* en */,
			);
			name = InfoPlist.strings;
			sourceTree = "<group>";
		};
/* End PBXVariantGroup section */

/* Begin XCBuildConfiguration section */
		28F2666A195D7B3200C29195 /* Debug */ = {
			isa = XCBuildConfiguration;
			buildSettings = {
				ALWAYS_SEARCH_USER_PATHS = NO;
				CLANG_CXX_LANGUAGE_STANDARD = "gnu++0x";
				CLANG_CXX_LIBRARY = "libc++";
				CLANG_ENABLE_MODULES = YES;
				CLANG_ENABLE_OBJC_ARC = YES;
				CLANG_WARN_BOOL_CONVERSION = YES;
				CLANG_WARN_CONSTANT_CONVERSION = YES;
				CLANG_WARN_DIRECT_OBJC_ISA_USAGE = YES_ERROR;
				CLANG_WARN_EMPTY_BODY = YES;
				CLANG_WARN_ENUM_CONVERSION = YES;
				CLANG_WARN_INT_CONVERSION = YES;
				CLANG_WARN_OBJC_ROOT_CLASS = YES_ERROR;
				CLANG_WARN__DUPLICATE_METHOD_MATCH = YES;
				"CODE_SIGN_IDENTITY[sdk=iphoneos*]" = "iPhone Developer";
				COPY_PHASE_STRIP = NO;
				GCC_C_LANGUAGE_STANDARD = gnu99;
				GCC_DYNAMIC_NO_PIC = NO;
				GCC_OPTIMIZATION_LEVEL = 0;
				GCC_PREPROCESSOR_DEFINITIONS = (
					"DEBUG=1",
					"$(inherited)",
				);
				GCC_SYMBOLS_PRIVATE_EXTERN = NO;
				GCC_WARN_64_TO_32_BIT_CONVERSION = YES;
				GCC_WARN_ABOUT_RETURN_TYPE = YES_ERROR;
				GCC_WARN_UNDECLARED_SELECTOR = YES;
				GCC_WARN_UNINITIALIZED_AUTOS = YES_AGGRESSIVE;
				GCC_WARN_UNUSED_FUNCTION = YES;
				GCC_WARN_UNUSED_VARIABLE = YES;
				IPHONEOS_DEPLOYMENT_TARGET = 7.1;
				ONLY_ACTIVE_ARCH = YES;
				SDKROOT = iphoneos;
			};
			name = Debug;
		};
		28F2666B195D7B3200C29195 /* Release */ = {
			isa = XCBuildConfiguration;
			buildSettings = {
				ALWAYS_SEARCH_USER_PATHS = NO;
				CLANG_CXX_LANGUAGE_STANDARD = "gnu++0x";
				CLANG_CXX_LIBRARY = "libc++";
				CLANG_ENABLE_MODULES = YES;
				CLANG_ENABLE_OBJC_ARC = YES;
				CLANG_WARN_BOOL_CONVERSION = YES;
				CLANG_WARN_CONSTANT_CONVERSION = YES;
				CLANG_WARN_DIRECT_OBJC_ISA_USAGE = YES_ERROR;
				CLANG_WARN_EMPTY_BODY = YES;
				CLANG_WARN_ENUM_CONVERSION = YES;
				CLANG_WARN_INT_CONVERSION = YES;
				CLANG_WARN_OBJC_ROOT_CLASS = YES_ERROR;
				CLANG_WARN__DUPLICATE_METHOD_MATCH = YES;
				"CODE_SIGN_IDENTITY[sdk=iphoneos*]" = "iPhone Developer";
				COPY_PHASE_STRIP = YES;
				ENABLE_NS_ASSERTIONS = NO;
				GCC_C_LANGUAGE_STANDARD = gnu99;
				GCC_WARN_64_TO_32_BIT_CONVERSION = YES;
				GCC_WARN_ABOUT_RETURN_TYPE = YES_ERROR;
				GCC_WARN_UNDECLARED_SELECTOR = YES;
				GCC_WARN_UNINITIALIZED_AUTOS = YES_AGGRESSIVE;
				GCC_WARN_UNUSED_FUNCTION = YES;
				GCC_WARN_UNUSED_VARIABLE = YES;
				IPHONEOS_DEPLOYMENT_TARGET = 7.1;
				SDKROOT = iphoneos;
				VALIDATE_PRODUCT = YES;
			};
			name = Release;
		};
		28F2666D195D7B3200C29195 /* Debug */ = {
			isa = XCBuildConfiguration;
			buildSettings = {
				ASSETCATALOG_COMPILER_APPICON_NAME = AppIcon;
				ASSETCATALOG_COMPILER_LAUNCHIMAGE_NAME = LaunchImage;
				GCC_PRECOMPILE_PREFIX_HEADER = YES;
				GCC_PREFIX_HEADER = "XO/XO-Prefix.pch";
				INFOPLIST_FILE = "XO/XO-Info.plist";
				PRODUCT_NAME = "$(TARGET_NAME)";
				WRAPPER_EXTENSION = app;
			};
			name = Debug;
		};
		28F2666E195D7B3200C29195 /* Release */ = {
			isa = XCBuildConfiguration;
			buildSettings = {
				ASSETCATALOG_COMPILER_APPICON_NAME = AppIcon;
				ASSETCATALOG_COMPILER_LAUNCHIMAGE_NAME = LaunchImage;
				GCC_PRECOMPILE_PREFIX_HEADER = YES;
				GCC_PREFIX_HEADER = "XO/XO-Prefix.pch";
				INFOPLIST_FILE = "XO/XO-Info.plist";
				PRODUCT_NAME = "$(TARGET_NAME)";
				WRAPPER_EXTENSION = app;
			};
			name = Release;
		};
		28F26670195D7B3200C29195 /* Debug */ = {
			isa = XCBuildConfiguration;
			buildSettings = {
				BUNDLE_LOADER = "$(BUILT_PRODUCTS_DIR)/XO.app/XO";
				FRAMEWORK_SEARCH_PATHS = (
					"$(SDKROOT)/Developer/Library/Frameworks",
					"$(inherited)",
					"$(DEVELOPER_FRAMEWORKS_DIR)",
				);
				GCC_PRECOMPILE_PREFIX_HEADER = YES;
				GCC_PREFIX_HEADER = "XO/XO-Prefix.pch";
				GCC_PREPROCESSOR_DEFINITIONS = (
					"DEBUG=1",
					"$(inherited)",
				);
				INFOPLIST_FILE = "XOTests/XOTests-Info.plist";
				PRODUCT_NAME = "$(TARGET_NAME)";
				TEST_HOST = "$(BUNDLE_LOADER)";
				WRAPPER_EXTENSION = xctest;
			};
			name = Debug;
		};
		28F26671195D7B3200C29195 /* Release */ = {
			isa = XCBuildConfiguration;
			buildSettings = {
				BUNDLE_LOADER = "$(BUILT_PRODUCTS_DIR)/XO.app/XO";
				FRAMEWORK_SEARCH_PATHS = (
					"$(SDKROOT)/Developer/Library/Frameworks",
					"$(inherited)",
					"$(DEVELOPER_FRAMEWORKS_DIR)",
				);
				GCC_PRECOMPILE_PREFIX_HEADER = YES;
				GCC_PREFIX_HEADER = "XO/XO-Prefix.pch";
				INFOPLIST_FILE = "XOTests/XOTests-Info.plist";
				PRODUCT_NAME = "$(TARGET_NAME)";
				TEST_HOST = "$(BUNDLE_LOADER)";
				WRAPPER_EXTENSION = xctest;
			};
			name = Release;
		};
/* End XCBuildConfiguration section */

/* Begin XCConfigurationList section */
		28F2663B195D7B3200C29195 /* Build configuration list for PBXProject "XO" */ = {
			isa = XCConfigurationList;
			buildConfigurations = (
				28F2666A195D7B3200C29195 /* Debug */,
				28F2666B195D7B3200C29195 /* Release */,
			);
			defaultConfigurationIsVisible = 0;
			defaultConfigurationName = Release;
		};
		28F2666C195D7B3200C29195 /* Build configuration list for PBXNativeTarget "XO" */ = {
			isa = XCConfigurationList;
			buildConfigurations = (
				28F2666D195D7B3200C29195 /* Debug */,
				28F2666E195D7B3200C29195 /* Release */,
			);
			defaultConfigurationIsVisible = 0;
		};
		28F2666F195D7B3200C29195 /* Build configuration list for PBXNativeTarget "XOTests" */ = {
			isa = XCConfigurationList;
			buildConfigurations = (
				28F26670195D7B3200C29195 /* Debug */,
				28F26671195D7B3200C29195 /* Release */,
			);
			defaultConfigurationIsVisible = 0;
		};
/* End XCConfigurationList section */
	};
	rootObject = 28F26638195D7B3200C29195 /* Project object */;
}
